
Microsoft Visual Studio Solution File, Format Version 12.00
# Visual Studio Version 17
VisualStudioVersion = 17.0.31903.59
MinimumVisualStudioVersion = 10.0.40219.1
Project("{2150E333-8FDC-42A3-9474-1A3956D46DE8}") = "src", "src", "{A46EED60-1261-4B3A-810E-620EB36DBA3B}"
EndProject
Project("{FAE04EC0-301F-11D3-BF4B-00C04F79EFBC}") = "DTS.Domain", "src\DTS.Domain\DTS.Domain.csproj", "{6EA1621F-66CB-4260-847D-43CC8CCB1B35}"
EndProject
Project("{FAE04EC0-301F-11D3-BF4B-00C04F79EFBC}") = "DTS.Application", "src\DTS.Application\DTS.Application.csproj", "{F36FE91F-5073-4428-B2C5-A920488B756E}"
EndProject
Project("{FAE04EC0-301F-11D3-BF4B-00C04F79EFBC}") = "DTS.Infrastructure", "src\DTS.Infrastructure\DTS.Infrastructure.csproj", "{7E40D653-E4C9-4BE9-89B5-3167BBACEC13}"
EndProject
Project("{FAE04EC0-301F-11D3-BF4B-00C04F79EFBC}") = "DTS.Web", "src\DTS.Web\DTS.Web.csproj", "{0D0233E2-4911-474B-AA31-A9086F8AB1A5}"
EndProject
Project("{FAE04EC0-301F-11D3-BF4B-00C04F79EFBC}") = "DTS.Tests", "src\DTS.Tests\DTS.Tests.csproj", "{9F481A8A-E394-47EC-B97A-2F518299D616}"
EndProject
Global
	GlobalSection(SolutionConfigurationPlatforms) = preSolution
		Debug|Any CPU = Debug|Any CPU
		Release|Any CPU = Release|Any CPU
	EndGlobalSection
	GlobalSection(SolutionProperties) = preSolution
		HideSolutionNode = FALSE
	EndGlobalSection
	GlobalSection(ProjectConfigurationPlatforms) = postSolution
		{6EA1621F-66CB-4260-847D-43CC8CCB1B35}.Debug|Any CPU.ActiveCfg = Debug|Any CPU
		{6EA1621F-66CB-4260-847D-43CC8CCB1B35}.Debug|Any CPU.Build.0 = Debug|Any CPU
		{6EA1621F-66CB-4260-847D-43CC8CCB1B35}.Release|Any CPU.ActiveCfg = Release|Any CPU
		{6EA1621F-66CB-4260-847D-43CC8CCB1B35}.Release|Any CPU.Build.0 = Release|Any CPU
		{F36FE91F-5073-4428-B2C5-A920488B756E}.Debug|Any CPU.ActiveCfg = Debug|Any CPU
		{F36FE91F-5073-4428-B2C5-A920488B756E}.Debug|Any CPU.Build.0 = Debug|Any CPU
		{F36FE91F-5073-4428-B2C5-A920488B756E}.Release|Any CPU.ActiveCfg = Release|Any CPU
		{F36FE91F-5073-4428-B2C5-A920488B756E}.Release|Any CPU.Build.0 = Release|Any CPU
		{7E40D653-E4C9-4BE9-89B5-3167BBACEC13}.Debug|Any CPU.ActiveCfg = Debug|Any CPU
		{7E40D653-E4C9-4BE9-89B5-3167BBACEC13}.Debug|Any CPU.Build.0 = Debug|Any CPU
		{7E40D653-E4C9-4BE9-89B5-3167BBACEC13}.Release|Any CPU.ActiveCfg = Release|Any CPU
		{7E40D653-E4C9-4BE9-89B5-3167BBACEC13}.Release|Any CPU.Build.0 = Release|Any CPU
		{0D0233E2-4911-474B-AA31-A9086F8AB1A5}.Debug|Any CPU.ActiveCfg = Debug|Any CPU
		{0D0233E2-4911-474B-AA31-A9086F8AB1A5}.Debug|Any CPU.Build.0 = Debug|Any CPU
		{0D0233E2-4911-474B-AA31-A9086F8AB1A5}.Release|Any CPU.ActiveCfg = Release|Any CPU
		{0D0233E2-4911-474B-AA31-A9086F8AB1A5}.Release|Any CPU.Build.0 = Release|Any CPU
		{9F481A8A-E394-47EC-B97A-2F518299D616}.Debug|Any CPU.ActiveCfg = Debug|Any CPU
		{9F481A8A-E394-47EC-B97A-2F518299D616}.Debug|Any CPU.Build.0 = Debug|Any CPU
		{9F481A8A-E394-47EC-B97A-2F518299D616}.Release|Any CPU.ActiveCfg = Release|Any CPU
		{9F481A8A-E394-47EC-B97A-2F518299D616}.Release|Any CPU.Build.0 = Release|Any CPU
	EndGlobalSection
	GlobalSection(NestedProjects) = preSolution
		{6EA1621F-66CB-4260-847D-43CC8CCB1B35} = {A46EED60-1261-4B3A-810E-620EB36DBA3B}
		{F36FE91F-5073-4428-B2C5-A920488B756E} = {A46EED60-1261-4B3A-810E-620EB36DBA3B}
		{7E40D653-E4C9-4BE9-89B5-3167BBACEC13} = {A46EED60-1261-4B3A-810E-620EB36DBA3B}
		{0D0233E2-4911-474B-AA31-A9086F8AB1A5} = {A46EED60-1261-4B3A-810E-620EB36DBA3B}
		{9F481A8A-E394-47EC-B97A-2F518299D616} = {A46EED60-1261-4B3A-810E-620EB36DBA3B}
	EndGlobalSection
EndGlobal
